
Microsoft Visual Studio Solution File, Format Version 12.00
# Visual Studio Version 16
VisualStudioVersion = 16.0.29519.87
MinimumVisualStudioVersion = 10.0.40219.1
Project("{9A19103F-16F7-4668-BE54-9A1E7A4F7556}") = "PracticaUno", "PracticaUno\PracticaUno.csproj", "{390BBF79-D09B-4159-9201-351E3601C550}"
EndProject
Project("{FAE04EC0-301F-11D3-BF4B-00C04F79EFBC}") = "PracticaDos", "..\..\..\..\..\Desktop\PracticaDos\PracticaDos.csproj", "{B3097BB5-73D4-449D-ACB4-DDBDC6B947CA}"
EndProject
Global
	GlobalSection(SolutionConfigurationPlatforms) = preSolution
		Debug|Any CPU = Debug|Any CPU
		Release|Any CPU = Release|Any CPU
	EndGlobalSection
	GlobalSection(ProjectConfigurationPlatforms) = postSolution
		{390BBF79-D09B-4159-9201-351E3601C550}.Debug|Any CPU.ActiveCfg = Debug|Any CPU
		{390BBF79-D09B-4159-9201-351E3601C550}.Debug|Any CPU.Build.0 = Debug|Any CPU
		{390BBF79-D09B-4159-9201-351E3601C550}.Release|Any CPU.ActiveCfg = Release|Any CPU
		{390BBF79-D09B-4159-9201-351E3601C550}.Release|Any CPU.Build.0 = Release|Any CPU
		{B3097BB5-73D4-449D-ACB4-DDBDC6B947CA}.Debug|Any CPU.ActiveCfg = Debug|Any CPU
		{B3097BB5-73D4-449D-ACB4-DDBDC6B947CA}.Debug|Any CPU.Build.0 = Debug|Any CPU
		{B3097BB5-73D4-449D-ACB4-DDBDC6B947CA}.Release|Any CPU.ActiveCfg = Release|Any CPU
		{B3097BB5-73D4-449D-ACB4-DDBDC6B947CA}.Release|Any CPU.Build.0 = Release|Any CPU
	EndGlobalSection
	GlobalSection(SolutionProperties) = preSolution
		HideSolutionNode = FALSE
	EndGlobalSection
	GlobalSection(ExtensibilityGlobals) = postSolution
		SolutionGuid = {6F727CCE-DDD4-46B0-BE64-E5C89C4D7A5F}
	EndGlobalSection
EndGlobal
